
Microsoft Visual Studio Solution File, Format Version 12.00
# Visual Studio Version 17
VisualStudioVersion = 17.9.34723.18
MinimumVisualStudioVersion = 10.0.40219.1
Project("{FAE04EC0-301F-11D3-BF4B-00C04F79EFBC}") = "Naming", "Naming\Naming.csproj", "{CEA36460-A7D5-4245-89D7-7AD35490420C}"
EndProject
Global
	GlobalSection(SolutionConfigurationPlatforms) = preSolution
		Debug|Any CPU = Debug|Any CPU
		Release|Any CPU = Release|Any CPU
	EndGlobalSection
	GlobalSection(ProjectConfigurationPlatforms) = postSolution
		{CEA36460-A7D5-4245-89D7-7AD35490420C}.Debug|Any CPU.ActiveCfg = Debug|Any CPU
		{CEA36460-A7D5-4245-89D7-7AD35490420C}.Debug|Any CPU.Build.0 = Debug|Any CPU
		{CEA36460-A7D5-4245-89D7-7AD35490420C}.Release|Any CPU.ActiveCfg = Release|Any CPU
		{CEA36460-A7D5-4245-89D7-7AD35490420C}.Release|Any CPU.Build.0 = Release|Any CPU
	EndGlobalSection
	GlobalSection(SolutionProperties) = preSolution
		HideSolutionNode = FALSE
	EndGlobalSection
	GlobalSection(ExtensibilityGlobals) = postSolution
		SolutionGuid = {907E9807-C933-449A-955B-688F336D30C5}
	EndGlobalSection
EndGlobal
